<Solution>
  <Folder Name="/FrontEnd/">
    <Project Path="Mango.Web/Mango.Web.csproj" Id="1949e31a-0e58-4156-8971-25b14ddfcc8a" />
  </Folder>
  <Folder Name="/Gateway/" />
  <Folder Name="/Integration/" />
  <Folder Name="/Integration/Services/">
    <Project Path="CouponApi/CouponApi.csproj" />
  </Folder>
</Solution>
